
Microsoft Visual Studio Solution File, Format Version 11.00
# Visual Studio 2010
Project("{FAE04EC0-301F-11D3-BF4B-00C04F79EFBC}") = "LinqFilter", "..\src\LinqFilter\LinqFilter.csproj", "{45E77C78-6935-49FB-AA9A-B8CF0B041CB8}"
EndProject
Project("{FAE04EC0-301F-11D3-BF4B-00C04F79EFBC}") = "LinqRunner", "..\src\LinqRunner\LinqRunner.csproj", "{C25FEAB2-CDB1-468F-BD06-C234BC9516F0}"
EndProject
Global
	GlobalSection(SolutionConfigurationPlatforms) = preSolution
		Debug|Any CPU = Debug|Any CPU
		Debug|Mixed Platforms = Debug|Mixed Platforms
		Debug|x86 = Debug|x86
		Release|Any CPU = Release|Any CPU
		Release|Mixed Platforms = Release|Mixed Platforms
		Release|x86 = Release|x86
	EndGlobalSection
	GlobalSection(ProjectConfigurationPlatforms) = postSolution
		{45E77C78-6935-49FB-AA9A-B8CF0B041CB8}.Debug|Any CPU.ActiveCfg = Debug|Any CPU
		{45E77C78-6935-49FB-AA9A-B8CF0B041CB8}.Debug|Any CPU.Build.0 = Debug|Any CPU
		{45E77C78-6935-49FB-AA9A-B8CF0B041CB8}.Debug|Mixed Platforms.ActiveCfg = Debug|Any CPU
		{45E77C78-6935-49FB-AA9A-B8CF0B041CB8}.Debug|Mixed Platforms.Build.0 = Debug|Any CPU
		{45E77C78-6935-49FB-AA9A-B8CF0B041CB8}.Debug|x86.ActiveCfg = Debug|Any CPU
		{45E77C78-6935-49FB-AA9A-B8CF0B041CB8}.Release|Any CPU.ActiveCfg = Release|Any CPU
		{45E77C78-6935-49FB-AA9A-B8CF0B041CB8}.Release|Any CPU.Build.0 = Release|Any CPU
		{45E77C78-6935-49FB-AA9A-B8CF0B041CB8}.Release|Mixed Platforms.ActiveCfg = Release|Any CPU
		{45E77C78-6935-49FB-AA9A-B8CF0B041CB8}.Release|Mixed Platforms.Build.0 = Release|Any CPU
		{45E77C78-6935-49FB-AA9A-B8CF0B041CB8}.Release|x86.ActiveCfg = Release|Any CPU
		{C25FEAB2-CDB1-468F-BD06-C234BC9516F0}.Debug|Any CPU.ActiveCfg = Debug|x86
		{C25FEAB2-CDB1-468F-BD06-C234BC9516F0}.Debug|Mixed Platforms.ActiveCfg = Debug|x86
		{C25FEAB2-CDB1-468F-BD06-C234BC9516F0}.Debug|Mixed Platforms.Build.0 = Debug|x86
		{C25FEAB2-CDB1-468F-BD06-C234BC9516F0}.Debug|x86.ActiveCfg = Debug|x86
		{C25FEAB2-CDB1-468F-BD06-C234BC9516F0}.Debug|x86.Build.0 = Debug|x86
		{C25FEAB2-CDB1-468F-BD06-C234BC9516F0}.Release|Any CPU.ActiveCfg = Release|x86
		{C25FEAB2-CDB1-468F-BD06-C234BC9516F0}.Release|Mixed Platforms.ActiveCfg = Release|x86
		{C25FEAB2-CDB1-468F-BD06-C234BC9516F0}.Release|Mixed Platforms.Build.0 = Release|x86
		{C25FEAB2-CDB1-468F-BD06-C234BC9516F0}.Release|x86.ActiveCfg = Release|x86
		{C25FEAB2-CDB1-468F-BD06-C234BC9516F0}.Release|x86.Build.0 = Release|x86
	EndGlobalSection
	GlobalSection(SolutionProperties) = preSolution
		HideSolutionNode = FALSE
	EndGlobalSection
EndGlobal
